# THIS IS AN AUTOGENERATED FILE. DO NOT EDIT THIS FILE DIRECTLY.
# yarn lockfile v1


express-validator@^6.11.1:
  version "6.11.1"
  resolved "https://registry.yarnpkg.com/express-validator/-/express-validator-6.11.1.tgz#08c8451c0fb53bac9ba905eef4c15d3043ee847b"
  integrity sha512-XAMdu1P6RESd8bvKtNdgNPsW+abkY6UQ2EVUqPpK6QVqieZKaLrN7W/zeFzDWZmgAy/RPEW8M4KYXMqQk6GmTA==
  dependencies:
    lodash "^4.17.21"
    validator "^13.5.2"

lodash@^4.17.21:
  version "4.17.21"
  resolved "https://registry.yarnpkg.com/lodash/-/lodash-4.17.21.tgz#679591c564c3bffaae8454cf0b3df370c3d6911c"
  integrity sha512-v2kDEe57lecTulaDIuNTPy3Ry4gLGJ6Z1O3vE1krgXZNrsQ+LFTGHVxVjcXPs17LhbZVGedAJv8XZ1tvj5FvSg==

validator@^13.5.2:
  version "13.6.0"
  resolved "https://registry.yarnpkg.com/validator/-/validator-13.6.0.tgz#1e71899c14cdc7b2068463cb24c1cc16f6ec7059"
  integrity sha512-gVgKbdbHgtxpRyR8K0O6oFZPhhB5tT1jeEHZR0Znr9Svg03U0+r9DXWMrnRAB+HtCStDQKlaIZm42tVsVjqtjg==
